<?xml version="1.0" encoding="utf-8"?>
<Project ToolsVersion="4.0" xmlns="http://schemas.microsoft.com/developer/msbuild/2003">
  <ItemGroup>
    <Filter Include="Source Files">
      <UniqueIdentifier>{4FC737F1-C7A5-4376-A066-2A32D752A2FF}</UniqueIdentifier>
      <Extensions>cpp;c;cc;cxx;c++;cppm;ixx;def;odl;idl;hpj;bat;asm;asmx</Extensions>
    </Filter>
    <Filter Include="Header Files">
      <UniqueIdentifier>{93995380-89BD-4b04-88EB-625FBE52EBFB}</UniqueIdentifier>
      <Extensions>h;hh;hpp;hxx;h++;hm;inl;inc;ipp;xsd</Extensions>
    </Filter>
    <Filter Include="ImGUI">
      <UniqueIdentifier>{37359541-3aec-4785-8da8-7f14b1ab3662}</UniqueIdentifier>
    </Filter>
    <Filter Include="Graphics">
      <UniqueIdentifier>{abd8f67d-006e-4a9c-ae12-af9805b01cfc}</UniqueIdentifier>
    </Filter>
    <Filter Include="Tools">
      <UniqueIdentifier>{9cdca24d-bab3-4b1a-a8bc-99dbf4b4fe18}</UniqueIdentifier>
    </Filter>
    <Filter Include="Scene">
      <UniqueIdentifier>{3f816104-4b43-4c7b-bb58-bf8a538612ba}</UniqueIdentifier>
    </Filter>
    <Filter Include="Shaders">
      <UniqueIdentifier>{d70d2095-f90f-4a9c-8d13-448e47799cab}</UniqueIdentifier>
    </Filter>
    <Filter Include="Debug">
      <UniqueIdentifier>{a5e3b2a7-b77a-4f0e-b196-ad5551fa40d3}</UniqueIdentifier>
    </Filter>
    <Filter Include="Lua">
      <UniqueIdentifier>{2631242d-5885-4765-942e-e5a49f2dc30a}</UniqueIdentifier>
    </Filter>
    <Filter Include="Resource">
      <UniqueIdentifier>{07ac3530-5a4c-4380-9898-4a7aaeb942e3}</UniqueIdentifier>
    </Filter>
    <Filter Include="Engine">
      <UniqueIdentifier>{e99ce458-101c-4afd-a3cd-da827b9a8849}</UniqueIdentifier>
    </Filter>
    <Filter Include="Scene\Scene2D">
      <UniqueIdentifier>{a50bcdeb-97e9-4a69-89bd-a7bbfe752aed}</UniqueIdentifier>
    </Filter>
    <Filter Include="Camera">
      <UniqueIdentifier>{811911cd-5435-49a4-a307-21a1f5434d4c}</UniqueIdentifier>
    </Filter>
    <Filter Include="Input">
      <UniqueIdentifier>{154775ea-24ee-44c6-b98f-03f37658737f}</UniqueIdentifier>
    </Filter>
    <Filter Include="RenderPass">
      <UniqueIdentifier>{a9e6a4d3-b1dd-4e04-939d-83a5ff40c85c}</UniqueIdentifier>
    </Filter>
    <Filter Include="RenderPass\Passes">
      <UniqueIdentifier>{7d58bccd-c1f9-4685-aea5-5125c396f5fc}</UniqueIdentifier>
    </Filter>
    <Filter Include="Shaders\HLSL">
      <UniqueIdentifier>{da5fe207-8bc6-49dc-9deb-c571aeae0dd1}</UniqueIdentifier>
    </Filter>
    <Filter Include="Shaders\HLSL Functions">
      <UniqueIdentifier>{c1113578-d190-4e89-b3d1-00239fa6d1bc}</UniqueIdentifier>
    </Filter>
  </ItemGroup>
  <ItemGroup>
    <ClCompile Include="src\Engine\HearthEngine.cpp">
      <Filter>Source Files</Filter>
    </ClCompile>
    <ClCompile Include="Thirdparty\imgui\imgui_draw.cpp">
      <Filter>ImGUI</Filter>
    </ClCompile>
    <ClCompile Include="Thirdparty\imgui\imgui_impl_dx11.cpp">
      <Filter>ImGUI</Filter>
    </ClCompile>
    <ClCompile Include="Thirdparty\imgui\imgui_impl_win32.cpp">
      <Filter>ImGUI</Filter>
    </ClCompile>
    <ClCompile Include="Thirdparty\imgui\imgui_tables.cpp">
      <Filter>ImGUI</Filter>
    </ClCompile>
    <ClCompile Include="Thirdparty\imgui\imgui_widgets.cpp">
      <Filter>ImGUI</Filter>
    </ClCompile>
    <ClCompile Include="Thirdparty\imgui\imgui.cpp">
      <Filter>ImGUI</Filter>
    </ClCompile>
    <ClCompile Include="Thirdparty\imgui\imgui_demo.cpp">
      <Filter>ImGUI</Filter>
    </ClCompile>
    <ClCompile Include="src\Engine\D3D11Context.cpp">
      <Filter>Graphics</Filter>
    </ClCompile>
    <ClCompile Include="src\Engine\Direct2DContext.cpp">
      <Filter>Graphics</Filter>
    </ClCompile>
    <ClCompile Include="src\Engine\Window.cpp">
      <Filter>Graphics</Filter>
    </ClCompile>
    <ClCompile Include="src\Engine\Time.cpp">
      <Filter>Tools</Filter>
    </ClCompile>
    <ClCompile Include="src\Engine\Scene.cpp">
      <Filter>Scene</Filter>
    </ClCompile>
    <ClCompile Include="src\Engine\SceneManager.cpp">
      <Filter>Scene</Filter>
    </ClCompile>
    <ClCompile Include="src\Engine\Debugger.cpp">
      <Filter>Debug</Filter>
    </ClCompile>
    <ClCompile Include="src\Engine\EngineGUI.cpp">
      <Filter>Debug</Filter>
    </ClCompile>
    <ClCompile Include="src\Engine\LuaState.cpp">
      <Filter>Lua</Filter>
    </ClCompile>
    <ClCompile Include="src\Engine\Renderpass.cpp">
      <Filter>RenderPass</Filter>
    </ClCompile>
    <ClCompile Include="src\Engine\Renderer.cpp">
      <Filter>RenderPass</Filter>
    </ClCompile>
    <ClCompile Include="src\Engine\BasicPass.cpp">
      <Filter>RenderPass\Passes</Filter>
    </ClCompile>
    <ClCompile Include="src\Engine\ResourceManager.cpp">
      <Filter>Resource</Filter>
    </ClCompile>
    <ClCompile Include="src\Engine\Resource.cpp">
      <Filter>Resource</Filter>
    </ClCompile>
    <ClCompile Include="src\Engine\PipelineManager.cpp">
      <Filter>RenderPass</Filter>
    </ClCompile>
    <ClCompile Include="src\Engine\Shader.cpp">
      <Filter>Shaders</Filter>
    </ClCompile>
    <ClCompile Include="src\Engine\Structs.cpp">
      <Filter>Tools</Filter>
    </ClCompile>
    <ClCompile Include="src\Engine\Engine.cpp">
      <Filter>Engine</Filter>
    </ClCompile>
    <ClCompile Include="src\Engine\DrawManager.cpp">
      <Filter>Scene\Scene2D</Filter>
    </ClCompile>
    <ClCompile Include="src\Engine\DrawObject.cpp">
      <Filter>Scene\Scene2D</Filter>
    </ClCompile>
    <ClCompile Include="src\Engine\Camera.cpp">
      <Filter>Camera</Filter>
    </ClCompile>
    <ClCompile Include="src\Engine\InputManager.cpp">
      <Filter>Input</Filter>
    </ClCompile>
    <ClCompile Include="src\Engine\LightPass.cpp">
      <Filter>RenderPass\Passes</Filter>
    </ClCompile>
    <ClCompile Include="src\Engine\WireFramePass.cpp">
      <Filter>RenderPass\Passes</Filter>
    </ClCompile>
    <ClCompile Include="src\Engine\Texture.cpp">
      <Filter>Resource</Filter>
    </ClCompile>
    <ClCompile Include="src\Engine\CubeMapPass.cpp">
      <Filter>RenderPass\Passes</Filter>
    </ClCompile>
    <ClCompile Include="src\Engine\DXPointer.cpp">
      <Filter>Tools</Filter>
    </ClCompile>
    <ClCompile Include="src\Engine\Utility.cpp">
      <Filter>Tools</Filter>
    </ClCompile>
    <ClCompile Include="src\Engine\LuaToCpp.cpp">
      <Filter>Lua</Filter>
    </ClCompile>
    <ClCompile Include="src\Engine\LuaGameState.cpp">
      <Filter>Lua</Filter>
    </ClCompile>
    <ClCompile Include="src\Engine\InternalScene.cpp">
      <Filter>Scene</Filter>
    </ClCompile>
    <ClCompile Include="src\Engine\Icon.cpp">
      <Filter>Resource</Filter>
    </ClCompile>
    <ClCompile Include="src\Engine\GameScene.cpp">
      <Filter>Scene</Filter>
    </ClCompile>
    <ClCompile Include="src\Engine\CollisionBoxRenderPass.cpp">
      <Filter>RenderPass\Passes</Filter>
    </ClCompile>
  </ItemGroup>
  <ItemGroup>
    <ClInclude Include="src\Engine\Header.h">
      <Filter>Header Files</Filter>
    </ClInclude>
    <ClInclude Include="Thirdparty\imgui\imgui_impl_dx11.h">
      <Filter>ImGUI</Filter>
    </ClInclude>
    <ClInclude Include="Thirdparty\imgui\imgui_impl_win32.h">
      <Filter>ImGUI</Filter>
    </ClInclude>
    <ClInclude Include="Thirdparty\imgui\imgui_internal.h">
      <Filter>ImGUI</Filter>
    </ClInclude>
    <ClInclude Include="Thirdparty\imgui\imstb_rectpack.h">
      <Filter>ImGUI</Filter>
    </ClInclude>
    <ClInclude Include="Thirdparty\imgui\imstb_textedit.h">
      <Filter>ImGUI</Filter>
    </ClInclude>
    <ClInclude Include="Thirdparty\imgui\imstb_truetype.h">
      <Filter>ImGUI</Filter>
    </ClInclude>
    <ClInclude Include="Thirdparty\imgui\imconfig.h">
      <Filter>ImGUI</Filter>
    </ClInclude>
    <ClInclude Include="Thirdparty\imgui\imgui.h">
      <Filter>ImGUI</Filter>
    </ClInclude>
    <ClInclude Include="src\Engine\Direct2DContext.h">
      <Filter>Graphics</Filter>
    </ClInclude>
    <ClInclude Include="src\Engine\D3D11Context.h">
      <Filter>Graphics</Filter>
    </ClInclude>
    <ClInclude Include="src\Engine\Window.h">
      <Filter>Graphics</Filter>
    </ClInclude>
    <ClInclude Include="src\Engine\Time.h">
      <Filter>Tools</Filter>
    </ClInclude>
    <ClInclude Include="src\Engine\Scene.h">
      <Filter>Scene</Filter>
    </ClInclude>
    <ClInclude Include="src\Engine\SceneManager.h">
      <Filter>Scene</Filter>
    </ClInclude>
    <ClInclude Include="src\Engine\Debugger.h">
      <Filter>Debug</Filter>
    </ClInclude>
    <ClInclude Include="src\Engine\EngineGUI.h">
      <Filter>Debug</Filter>
    </ClInclude>
    <ClInclude Include="src\Engine\LuaState.h">
      <Filter>Lua</Filter>
    </ClInclude>
    <ClInclude Include="src\Engine\Renderpass.h">
      <Filter>RenderPass</Filter>
    </ClInclude>
    <ClInclude Include="src\Engine\Renderer.h">
      <Filter>RenderPass</Filter>
    </ClInclude>
    <ClInclude Include="src\Engine\BasicPass.h">
      <Filter>RenderPass\Passes</Filter>
    </ClInclude>
    <ClInclude Include="src\Engine\ResourceManager.h">
      <Filter>Resource</Filter>
    </ClInclude>
    <ClInclude Include="src\Engine\Resource.h">
      <Filter>Resource</Filter>
    </ClInclude>
    <ClInclude Include="src\Engine\PipelineManager.h">
      <Filter>RenderPass</Filter>
    </ClInclude>
    <ClInclude Include="src\Engine\Structs.h">
      <Filter>Tools</Filter>
    </ClInclude>
    <ClInclude Include="src\Engine\Shader.h">
      <Filter>Shaders</Filter>
    </ClInclude>
    <ClInclude Include="src\Engine\Engine.h">
      <Filter>Engine</Filter>
    </ClInclude>
    <ClInclude Include="src\Engine\DrawManager.h">
      <Filter>Scene\Scene2D</Filter>
    </ClInclude>
    <ClInclude Include="src\Engine\DrawObject.h">
      <Filter>Scene\Scene2D</Filter>
    </ClInclude>
    <ClInclude Include="src\Engine\Camera.h">
      <Filter>Camera</Filter>
    </ClInclude>
    <ClInclude Include="src\Engine\InputManager.h">
      <Filter>Input</Filter>
    </ClInclude>
    <ClInclude Include="src\Engine\LightPass.h">
      <Filter>RenderPass\Passes</Filter>
    </ClInclude>
    <ClInclude Include="src\Engine\WireFramePass.h">
      <Filter>RenderPass\Passes</Filter>
    </ClInclude>
    <ClInclude Include="src\Engine\CubeMapPass.h">
      <Filter>RenderPass\Passes</Filter>
    </ClInclude>
    <ClInclude Include="src\Engine\Texture.h">
      <Filter>Resource</Filter>
    </ClInclude>
    <ClInclude Include="src\Engine\DXPointer.h">
      <Filter>Tools</Filter>
    </ClInclude>
    <ClInclude Include="src\Engine\Utility.h">
      <Filter>Tools</Filter>
    </ClInclude>
    <ClInclude Include="src\Engine\LuaToCpp.h">
      <Filter>Lua</Filter>
    </ClInclude>
    <ClInclude Include="src\Engine\LuaGameState.h">
      <Filter>Lua</Filter>
    </ClInclude>
    <ClInclude Include="src\Engine\GameScene.h">
      <Filter>Scene</Filter>
    </ClInclude>
    <ClInclude Include="src\Engine\InternalScene.h">
      <Filter>Scene</Filter>
    </ClInclude>
    <ClInclude Include="src\Engine\Icon.h">
      <Filter>Resource</Filter>
    </ClInclude>
    <ClInclude Include="src\Engine\CollisionBoxRenderPass.h">
      <Filter>RenderPass\Passes</Filter>
    </ClInclude>
  </ItemGroup>
  <ItemGroup>
    <FxCompile Include="src\Engine\BasicPixelShader.hlsl">
      <Filter>Shaders\HLSL</Filter>
    </FxCompile>
    <FxCompile Include="src\Engine\BasicVertexShader.hlsl">
      <Filter>Shaders\HLSL</Filter>
    </FxCompile>
    <FxCompile Include="src\Engine\LightPixelShader.hlsl">
      <Filter>Shaders\HLSL</Filter>
    </FxCompile>
    <FxCompile Include="src\Engine\LightVertexShader.hlsl">
      <Filter>Shaders\HLSL</Filter>
    </FxCompile>
    <FxCompile Include="src\Engine\WireFramePixelShader.hlsl">
      <Filter>Shaders\HLSL</Filter>
    </FxCompile>
    <FxCompile Include="src\Engine\WireFrameVertexShader.hlsl">
      <Filter>Shaders\HLSL</Filter>
    </FxCompile>
    <FxCompile Include="src\Engine\SkyBoxVertexShader.hlsl">
      <Filter>Shaders\HLSL</Filter>
    </FxCompile>
    <FxCompile Include="src\Engine\SkyBoxPixelShader.hlsl">
      <Filter>Shaders\HLSL</Filter>
    </FxCompile>
  </ItemGroup>
  <ItemGroup>
    <None Include="packages.config" />
    <None Include="src\Engine\Functions.hlsli">
      <Filter>Shaders\HLSL Functions</Filter>
    </None>
  </ItemGroup>
</Project>